{
  "version": "5",
  "specifiers": {
    "npm:uint8array-extras@^1.5.0": "1.5.0"
  },
  "npm": {
    "uint8array-extras@1.5.0": {
      "integrity": "sha512-rvKSBiC5zqCCiDZ9kAOszZcDvdAHwwIKJG33Ykj43OKcWsnmcBRL09YTU4nOeHZ8Y2a7l1MgTd08SBe9A8Qj6A=="
    }
  },
  "workspace": {
    "dependencies": [
      "jsr:@deno/dnt@~0.42.3",
      "npm:uint8array-extras@^1.5.0"
    ]
  }
}
